<?xml version="1.0" encoding="utf-8"?>
<Project ToolsVersion="4.0" xmlns="http://schemas.microsoft.com/developer/msbuild/2003">
  <ItemGroup>
    <Filter Include="源文件">
      <UniqueIdentifier>{4FC737F1-C7A5-4376-A066-2A32D752A2FF}</UniqueIdentifier>
      <Extensions>cpp;c;cc;cxx;c++;cppm;ixx;def;odl;idl;hpj;bat;asm;asmx</Extensions>
    </Filter>
    <Filter Include="头文件">
      <UniqueIdentifier>{93995380-89BD-4b04-88EB-625FBE52EBFB}</UniqueIdentifier>
      <Extensions>h;hh;hpp;hxx;h++;hm;inl;inc;ipp;xsd</Extensions>
    </Filter>
    <Filter Include="资源文件">
      <UniqueIdentifier>{67DA6AB6-F800-4c08-8B7A-83BB121AAD01}</UniqueIdentifier>
      <Extensions>rc;ico;cur;bmp;dlg;rc2;rct;bin;rgs;gif;jpg;jpeg;jpe;resx;tiff;tif;png;wav;mfcribbon-ms</Extensions>
    </Filter>
  </ItemGroup>
  <ItemGroup>
    <ClCompile Include="Main.cpp">
      <Filter>源文件</Filter>
    </ClCompile>
    <ClCompile Include="Rendering\Shader.cpp">
      <Filter>源文件</Filter>
    </ClCompile>
    <ClCompile Include="CoreModule\Debug.cpp">
      <Filter>源文件</Filter>
    </ClCompile>
    <ClCompile Include="CoreModule\GameObject.cpp">
      <Filter>源文件</Filter>
    </ClCompile>
    <ClCompile Include="CoreModule\Input.cpp">
      <Filter>源文件</Filter>
    </ClCompile>
    <ClCompile Include="CoreModule\Lighting.cpp">
      <Filter>源文件</Filter>
    </ClCompile>
    <ClCompile Include="CoreModule\Material.cpp">
      <Filter>源文件</Filter>
    </ClCompile>
    <ClCompile Include="CoreModule\Mathf.cpp">
      <Filter>源文件</Filter>
    </ClCompile>
    <ClCompile Include="CoreModule\MathStructs.cpp">
      <Filter>源文件</Filter>
    </ClCompile>
    <ClCompile Include="CoreModule\Object.cpp">
      <Filter>源文件</Filter>
    </ClCompile>
    <ClCompile Include="CoreModule\Scene.cpp">
      <Filter>源文件</Filter>
    </ClCompile>
    <ClCompile Include="CoreModule\SceneManager.cpp">
      <Filter>源文件</Filter>
    </ClCompile>
    <ClCompile Include="CoreModule\Settings.cpp">
      <Filter>源文件</Filter>
    </ClCompile>
    <ClCompile Include="CoreModule\Texture.cpp">
      <Filter>源文件</Filter>
    </ClCompile>
    <ClCompile Include="CoreModule\Time.cpp">
      <Filter>源文件</Filter>
    </ClCompile>
    <ClCompile Include="CoreModule\Utilities.cpp">
      <Filter>源文件</Filter>
    </ClCompile>
    <ClCompile Include="Component\Behaviour.cpp">
      <Filter>源文件</Filter>
    </ClCompile>
    <ClCompile Include="Component\Camera.cpp">
      <Filter>源文件</Filter>
    </ClCompile>
    <ClCompile Include="Component\Component.cpp">
      <Filter>源文件</Filter>
    </ClCompile>
    <ClCompile Include="Component\Light.cpp">
      <Filter>源文件</Filter>
    </ClCompile>
    <ClCompile Include="CoreModule\Mesh.cpp">
      <Filter>源文件</Filter>
    </ClCompile>
    <ClCompile Include="Component\MonoBehaviour.cpp">
      <Filter>源文件</Filter>
    </ClCompile>
    <ClCompile Include="Component\Transform.cpp">
      <Filter>源文件</Filter>
    </ClCompile>
    <ClCompile Include="Component\Renderer\MeshRenderer.cpp">
      <Filter>源文件</Filter>
    </ClCompile>
    <ClCompile Include="Component\Renderer\Renderer.cpp">
      <Filter>源文件</Filter>
    </ClCompile>
    <ClCompile Include="Editor\AssetDatabase.cpp">
      <Filter>源文件</Filter>
    </ClCompile>
    <ClCompile Include="Component\MeshFilter.cpp">
      <Filter>源文件</Filter>
    </ClCompile>
    <ClCompile Include="Editor\EditorSettings.cpp">
      <Filter>源文件</Filter>
    </ClCompile>
    <ClCompile Include="Rendering\RenderManager.cpp">
      <Filter>源文件</Filter>
    </ClCompile>
  </ItemGroup>
  <ItemGroup>
    <ClInclude Include="Main.h">
      <Filter>头文件</Filter>
    </ClInclude>
    <ClInclude Include="Rendering\Shader.h">
      <Filter>头文件</Filter>
    </ClInclude>
    <ClInclude Include="Rendering\VertexData.h">
      <Filter>头文件</Filter>
    </ClInclude>
    <ClInclude Include="includes\pch.h">
      <Filter>头文件</Filter>
    </ClInclude>
    <ClInclude Include="includes\stb_image.h">
      <Filter>头文件</Filter>
    </ClInclude>
    <ClInclude Include="CoreModule\Debug.h">
      <Filter>头文件</Filter>
    </ClInclude>
    <ClInclude Include="CoreModule\GameObject.h">
      <Filter>头文件</Filter>
    </ClInclude>
    <ClInclude Include="CoreModule\Input.h">
      <Filter>头文件</Filter>
    </ClInclude>
    <ClInclude Include="CoreModule\Lighting.h">
      <Filter>头文件</Filter>
    </ClInclude>
    <ClInclude Include="CoreModule\Material.h">
      <Filter>头文件</Filter>
    </ClInclude>
    <ClInclude Include="CoreModule\Mathf.h">
      <Filter>头文件</Filter>
    </ClInclude>
    <ClInclude Include="CoreModule\MathStructs.h">
      <Filter>头文件</Filter>
    </ClInclude>
    <ClInclude Include="CoreModule\Object.h">
      <Filter>头文件</Filter>
    </ClInclude>
    <ClInclude Include="CoreModule\Scene.h">
      <Filter>头文件</Filter>
    </ClInclude>
    <ClInclude Include="CoreModule\SceneManager.h">
      <Filter>头文件</Filter>
    </ClInclude>
    <ClInclude Include="CoreModule\Settings.h">
      <Filter>头文件</Filter>
    </ClInclude>
    <ClInclude Include="CoreModule\Texture.h">
      <Filter>头文件</Filter>
    </ClInclude>
    <ClInclude Include="CoreModule\Time.h">
      <Filter>头文件</Filter>
    </ClInclude>
    <ClInclude Include="CoreModule\Utilities.h">
      <Filter>头文件</Filter>
    </ClInclude>
    <ClInclude Include="Component\Behaviour.h">
      <Filter>头文件</Filter>
    </ClInclude>
    <ClInclude Include="Component\Camera.h">
      <Filter>头文件</Filter>
    </ClInclude>
    <ClInclude Include="Component\Component.h">
      <Filter>头文件</Filter>
    </ClInclude>
    <ClInclude Include="Component\Light.h">
      <Filter>头文件</Filter>
    </ClInclude>
    <ClInclude Include="CoreModule\Mesh.h">
      <Filter>头文件</Filter>
    </ClInclude>
    <ClInclude Include="Component\MonoBehaviour.h">
      <Filter>头文件</Filter>
    </ClInclude>
    <ClInclude Include="Component\Transform.h">
      <Filter>头文件</Filter>
    </ClInclude>
    <ClInclude Include="Component\Renderer\MeshRenderer.h">
      <Filter>头文件</Filter>
    </ClInclude>
    <ClInclude Include="Component\Renderer\Renderer.h">
      <Filter>头文件</Filter>
    </ClInclude>
    <ClInclude Include="Editor\AssetDatabase.h">
      <Filter>头文件</Filter>
    </ClInclude>
    <ClInclude Include="Component\MeshFilter.h">
      <Filter>头文件</Filter>
    </ClInclude>
    <ClInclude Include="Editor\EditorSettings.h">
      <Filter>头文件</Filter>
    </ClInclude>
    <ClInclude Include="Rendering\RenderManager.h">
      <Filter>头文件</Filter>
    </ClInclude>
  </ItemGroup>
  <ItemGroup>
    <None Include="packages.config" />
    <None Include="vcpkg.json" />
  </ItemGroup>
</Project>